
Microsoft Visual Studio Solution File, Format Version 12.00
# Visual Studio 2013
VisualStudioVersion = 12.0.30723.0
MinimumVisualStudioVersion = 10.0.40219.1
Project("{FAE04EC0-301F-11D3-BF4B-00C04F79EFBC}") = "Pelorus.Core", "Pelorus.Core\Pelorus.Core.csproj", "{9915F15D-7A6B-481D-9960-1ECF3FFEC771}"
EndProject
Project("{FAE04EC0-301F-11D3-BF4B-00C04F79EFBC}") = "Pelorus.Core.Data.EntityFramework", "Pelorus.Core.Data.EntityFramework\Pelorus.Core.Data.EntityFramework.csproj", "{9CFBF809-4668-4849-B3C8-15B2DFF4C41D}"
EndProject
Global
	GlobalSection(SolutionConfigurationPlatforms) = preSolution
		Debug|Any CPU = Debug|Any CPU
		Release|Any CPU = Release|Any CPU
	EndGlobalSection
	GlobalSection(ProjectConfigurationPlatforms) = postSolution
		{9915F15D-7A6B-481D-9960-1ECF3FFEC771}.Debug|Any CPU.ActiveCfg = Debug|Any CPU
		{9915F15D-7A6B-481D-9960-1ECF3FFEC771}.Debug|Any CPU.Build.0 = Debug|Any CPU
		{9915F15D-7A6B-481D-9960-1ECF3FFEC771}.Release|Any CPU.ActiveCfg = Release|Any CPU
		{9915F15D-7A6B-481D-9960-1ECF3FFEC771}.Release|Any CPU.Build.0 = Release|Any CPU
		{9CFBF809-4668-4849-B3C8-15B2DFF4C41D}.Debug|Any CPU.ActiveCfg = Debug|Any CPU
		{9CFBF809-4668-4849-B3C8-15B2DFF4C41D}.Debug|Any CPU.Build.0 = Debug|Any CPU
		{9CFBF809-4668-4849-B3C8-15B2DFF4C41D}.Release|Any CPU.ActiveCfg = Release|Any CPU
		{9CFBF809-4668-4849-B3C8-15B2DFF4C41D}.Release|Any CPU.Build.0 = Release|Any CPU
	EndGlobalSection
	GlobalSection(SolutionProperties) = preSolution
		HideSolutionNode = FALSE
	EndGlobalSection
EndGlobal
